
Microsoft Visual Studio Solution File, Format Version 12.00
# Visual Studio Version 17
VisualStudioVersion = 17.5.33516.290
MinimumVisualStudioVersion = 10.0.40219.1
Project("{FAE04EC0-301F-11D3-BF4B-00C04F79EFBC}") = "Locadora", "Locadora.csproj", "{13C33757-D03B-449F-B2F2-41E1A4B2A547}"
EndProject
Global
	GlobalSection(SolutionConfigurationPlatforms) = preSolution
		Debug|Any CPU = Debug|Any CPU
		Release|Any CPU = Release|Any CPU
	EndGlobalSection
	GlobalSection(ProjectConfigurationPlatforms) = postSolution
		{13C33757-D03B-449F-B2F2-41E1A4B2A547}.Debug|Any CPU.ActiveCfg = Debug|Any CPU
		{13C33757-D03B-449F-B2F2-41E1A4B2A547}.Debug|Any CPU.Build.0 = Debug|Any CPU
		{13C33757-D03B-449F-B2F2-41E1A4B2A547}.Release|Any CPU.ActiveCfg = Release|Any CPU
		{13C33757-D03B-449F-B2F2-41E1A4B2A547}.Release|Any CPU.Build.0 = Release|Any CPU
	EndGlobalSection
	GlobalSection(SolutionProperties) = preSolution
		HideSolutionNode = FALSE
	EndGlobalSection
	GlobalSection(ExtensibilityGlobals) = postSolution
		SolutionGuid = {C1FA51FE-7B4F-4D59-8FEB-4C859AD162DF}
	EndGlobalSection
EndGlobal
